
Microsoft Visual Studio Solution File, Format Version 12.00
# Visual Studio 15
VisualStudioVersion = 15.0.27130.2010
MinimumVisualStudioVersion = 10.0.40219.1
Project("{FAE04EC0-301F-11D3-BF4B-00C04F79EFBC}") = "ClassLibraryDemo", "ClassLibraryDemo.csproj", "{0A176CE1-F13A-4CD2-B78F-6E5972307F78}"
EndProject
Global
	GlobalSection(SolutionConfigurationPlatforms) = preSolution
		Debug|Any CPU = Debug|Any CPU
		Release|Any CPU = Release|Any CPU
	EndGlobalSection
	GlobalSection(ProjectConfigurationPlatforms) = postSolution
		{0A176CE1-F13A-4CD2-B78F-6E5972307F78}.Debug|Any CPU.ActiveCfg = Debug|Any CPU
		{0A176CE1-F13A-4CD2-B78F-6E5972307F78}.Debug|Any CPU.Build.0 = Debug|Any CPU
		{0A176CE1-F13A-4CD2-B78F-6E5972307F78}.Release|Any CPU.ActiveCfg = Release|Any CPU
		{0A176CE1-F13A-4CD2-B78F-6E5972307F78}.Release|Any CPU.Build.0 = Release|Any CPU
	EndGlobalSection
	GlobalSection(SolutionProperties) = preSolution
		HideSolutionNode = FALSE
	EndGlobalSection
	GlobalSection(ExtensibilityGlobals) = postSolution
		SolutionGuid = {20A843C5-3DB7-4388-9DC3-8E8EEFEC7B7B}
	EndGlobalSection
EndGlobal
