
Microsoft Visual Studio Solution File, Format Version 12.00
# Visual Studio 15
VisualStudioVersion = 15.0.27130.2010
MinimumVisualStudioVersion = 10.0.40219.1
Project("{FAE04EC0-301F-11D3-BF4B-00C04F79EFBC}") = "ClassLibraryDemo2", "ClassLibraryDemo2.csproj", "{93D9B65C-007F-4C94-ACEE-080BD4E3C9DE}"
EndProject
Global
	GlobalSection(SolutionConfigurationPlatforms) = preSolution
		Debug|Any CPU = Debug|Any CPU
		Release|Any CPU = Release|Any CPU
	EndGlobalSection
	GlobalSection(ProjectConfigurationPlatforms) = postSolution
		{93D9B65C-007F-4C94-ACEE-080BD4E3C9DE}.Debug|Any CPU.ActiveCfg = Debug|Any CPU
		{93D9B65C-007F-4C94-ACEE-080BD4E3C9DE}.Debug|Any CPU.Build.0 = Debug|Any CPU
		{93D9B65C-007F-4C94-ACEE-080BD4E3C9DE}.Release|Any CPU.ActiveCfg = Release|Any CPU
		{93D9B65C-007F-4C94-ACEE-080BD4E3C9DE}.Release|Any CPU.Build.0 = Release|Any CPU
	EndGlobalSection
	GlobalSection(SolutionProperties) = preSolution
		HideSolutionNode = FALSE
	EndGlobalSection
	GlobalSection(ExtensibilityGlobals) = postSolution
		SolutionGuid = {A680F89A-D68A-466C-A619-3AE27A24653B}
	EndGlobalSection
EndGlobal
